lockfileVersion: '9.0'

settings:
  autoInstallPeers: true
  excludeLinksFromLockfile: false

importers:

  .:
    dependencies:
      '@redocly/cli':
        specifier: '*'
        version: 2.34.0

packages:

  '@redocly/cli@2.34.0':
    resolution: {integrity: sha512-wlEy03fyf+xrEatHbSSLFGP7T8slYwyJHO6xooArvUOntiGRMPuTGivaSPhxx+f2bFhe69zDDzDy51+CsvJ/zw==}
    engines: {node: '>=22.12.0 || >=20.19.0 <21.0.0', npm: '>=10'}
    hasBin: true

snapshots:

  '@redocly/cli@2.34.0': {}
